
Microsoft Visual Studio Solution File, Format Version 12.00
# Visual Studio Version 17
VisualStudioVersion = 17.5.002.0
MinimumVisualStudioVersion = 10.0.40219.1
Project("{9A19103F-16F7-4668-BE54-9A1E7A4F7556}") = "DateTimeFirst", "DateTimeFirst.csproj", "{3678982C-FBFA-4D9C-B68E-931CE33B503B}"
EndProject
Global
	GlobalSection(SolutionConfigurationPlatforms) = preSolution
		Debug|Any CPU = Debug|Any CPU
		Release|Any CPU = Release|Any CPU
	EndGlobalSection
	GlobalSection(ProjectConfigurationPlatforms) = postSolution
		{3678982C-FBFA-4D9C-B68E-931CE33B503B}.Debug|Any CPU.ActiveCfg = Debug|Any CPU
		{3678982C-FBFA-4D9C-B68E-931CE33B503B}.Debug|Any CPU.Build.0 = Debug|Any CPU
		{3678982C-FBFA-4D9C-B68E-931CE33B503B}.Release|Any CPU.ActiveCfg = Release|Any CPU
		{3678982C-FBFA-4D9C-B68E-931CE33B503B}.Release|Any CPU.Build.0 = Release|Any CPU
	EndGlobalSection
	GlobalSection(SolutionProperties) = preSolution
		HideSolutionNode = FALSE
	EndGlobalSection
	GlobalSection(ExtensibilityGlobals) = postSolution
		SolutionGuid = {554A9FA2-3D1F-40F5-8D54-F19D530C7420}
	EndGlobalSection
EndGlobal
